
Microsoft Visual Studio Solution File, Format Version 12.00
# Visual Studio Version 17
VisualStudioVersion = 17.0.31903.59
MinimumVisualStudioVersion = 10.0.40219.1
Project("{FAE04EC0-301F-11D3-BF4B-00C04F79EFBC}") = "White.Viper.Digit.Api", "White.Viper.Digit.Api\White.Viper.Digit.Api.csproj", "{D93A066D-06E6-4C23-8600-07C3BB3CE30A}"
EndProject
Project("{FAE04EC0-301F-11D3-BF4B-00C04F79EFBC}") = "White.Viper.Digit.Domain", "White.Viper.Digit.Domain\White.Viper.Digit.Domain.csproj", "{58C3C7C3-EB8E-4312-A7FD-378F5333B438}"
EndProject
Project("{FAE04EC0-301F-11D3-BF4B-00C04F79EFBC}") = "White.Viper.Digit.Data", "White.Viper.Digit.Data\White.Viper.Digit.Data.csproj", "{A06BDCC7-17E3-467B-81FC-D4385D8A166F}"
EndProject
Global
	GlobalSection(SolutionConfigurationPlatforms) = preSolution
		Debug|Any CPU = Debug|Any CPU
		Release|Any CPU = Release|Any CPU
	EndGlobalSection
	GlobalSection(SolutionProperties) = preSolution
		HideSolutionNode = FALSE
	EndGlobalSection
	GlobalSection(ProjectConfigurationPlatforms) = postSolution
		{D93A066D-06E6-4C23-8600-07C3BB3CE30A}.Debug|Any CPU.ActiveCfg = Debug|Any CPU
		{D93A066D-06E6-4C23-8600-07C3BB3CE30A}.Debug|Any CPU.Build.0 = Debug|Any CPU
		{D93A066D-06E6-4C23-8600-07C3BB3CE30A}.Release|Any CPU.ActiveCfg = Release|Any CPU
		{D93A066D-06E6-4C23-8600-07C3BB3CE30A}.Release|Any CPU.Build.0 = Release|Any CPU
		{58C3C7C3-EB8E-4312-A7FD-378F5333B438}.Debug|Any CPU.ActiveCfg = Debug|Any CPU
		{58C3C7C3-EB8E-4312-A7FD-378F5333B438}.Debug|Any CPU.Build.0 = Debug|Any CPU
		{58C3C7C3-EB8E-4312-A7FD-378F5333B438}.Release|Any CPU.ActiveCfg = Release|Any CPU
		{58C3C7C3-EB8E-4312-A7FD-378F5333B438}.Release|Any CPU.Build.0 = Release|Any CPU
		{A06BDCC7-17E3-467B-81FC-D4385D8A166F}.Debug|Any CPU.ActiveCfg = Debug|Any CPU
		{A06BDCC7-17E3-467B-81FC-D4385D8A166F}.Debug|Any CPU.Build.0 = Debug|Any CPU
		{A06BDCC7-17E3-467B-81FC-D4385D8A166F}.Release|Any CPU.ActiveCfg = Release|Any CPU
		{A06BDCC7-17E3-467B-81FC-D4385D8A166F}.Release|Any CPU.Build.0 = Release|Any CPU
	EndGlobalSection
EndGlobal
